{
  "requires": true,
  "lockfileVersion": 1,
  "dependencies": {
    "gsap": {
      "version": "3.5.1",
      "resolved": "https://registry.npmjs.org/gsap/-/gsap-3.5.1.tgz",
      "integrity": "sha512-EMV0RSUKZNeTUzLKAizGlwxVOUyif3/g8I3S1aA/hf3gbqwBvmQ02x1RdTBQNQMOpHCVBv9y/vaHwfctoAg8zw=="
    },
    "shifty": {
      "version": "2.14.1",
      "resolved": "https://registry.npmjs.org/shifty/-/shifty-2.14.1.tgz",
      "integrity": "sha512-3FI6DNMpOtKAvndv3nhVnZ+4Lg9HKyc9D5tuqEqVNOsE4NYbll1tgj900OSF5ixsGho29sR9YXuxg4+GMOXWUQ=="
    }
  }
}
